
Microsoft Visual Studio Solution File, Format Version 12.00
# Visual Studio Version 17
VisualStudioVersion = 17.7.34221.43
MinimumVisualStudioVersion = 10.0.40219.1
Project("{FAE04EC0-301F-11D3-BF4B-00C04F79EFBC}") = "ModificandoArquivos", "ModificandoArquivos\ModificandoArquivos.csproj", "{5F5038AB-5C16-4610-97DF-70F7E4EAEAFD}"
EndProject
Global
	GlobalSection(SolutionConfigurationPlatforms) = preSolution
		Debug|Any CPU = Debug|Any CPU
		Release|Any CPU = Release|Any CPU
	EndGlobalSection
	GlobalSection(ProjectConfigurationPlatforms) = postSolution
		{5F5038AB-5C16-4610-97DF-70F7E4EAEAFD}.Debug|Any CPU.ActiveCfg = Debug|Any CPU
		{5F5038AB-5C16-4610-97DF-70F7E4EAEAFD}.Debug|Any CPU.Build.0 = Debug|Any CPU
		{5F5038AB-5C16-4610-97DF-70F7E4EAEAFD}.Release|Any CPU.ActiveCfg = Release|Any CPU
		{5F5038AB-5C16-4610-97DF-70F7E4EAEAFD}.Release|Any CPU.Build.0 = Release|Any CPU
	EndGlobalSection
	GlobalSection(SolutionProperties) = preSolution
		HideSolutionNode = FALSE
	EndGlobalSection
	GlobalSection(ExtensibilityGlobals) = postSolution
		SolutionGuid = {D6A3FCE2-CADB-4C93-8DF4-F6B8F504A8B1}
	EndGlobalSection
EndGlobal
